
Microsoft Visual Studio Solution File, Format Version 12.00
# Visual Studio Version 16
VisualStudioVersion = 16.0.30114.105
MinimumVisualStudioVersion = 10.0.40219.1
Project("{2150E333-8FDC-42A3-9474-1A3956D46DE8}") = "src", "src", "{9A34FE9E-DBDA-4251-94C4-4BCB3E594C0C}"
EndProject
Project("{FAE04EC0-301F-11D3-BF4B-00C04F79EFBC}") = "ReportPortal.Extensions.CI", "src\ReportPortal.Extensions.CI\ReportPortal.Extensions.CI.csproj", "{D88BFF04-E5F7-4273-813B-12E199E676DD}"
EndProject
Global
	GlobalSection(SolutionConfigurationPlatforms) = preSolution
		Debug|Any CPU = Debug|Any CPU
		Debug|x64 = Debug|x64
		Debug|x86 = Debug|x86
		Release|Any CPU = Release|Any CPU
		Release|x64 = Release|x64
		Release|x86 = Release|x86
	EndGlobalSection
	GlobalSection(SolutionProperties) = preSolution
		HideSolutionNode = FALSE
	EndGlobalSection
	GlobalSection(ProjectConfigurationPlatforms) = postSolution
		{D88BFF04-E5F7-4273-813B-12E199E676DD}.Debug|Any CPU.ActiveCfg = Debug|Any CPU
		{D88BFF04-E5F7-4273-813B-12E199E676DD}.Debug|Any CPU.Build.0 = Debug|Any CPU
		{D88BFF04-E5F7-4273-813B-12E199E676DD}.Debug|x64.ActiveCfg = Debug|Any CPU
		{D88BFF04-E5F7-4273-813B-12E199E676DD}.Debug|x64.Build.0 = Debug|Any CPU
		{D88BFF04-E5F7-4273-813B-12E199E676DD}.Debug|x86.ActiveCfg = Debug|Any CPU
		{D88BFF04-E5F7-4273-813B-12E199E676DD}.Debug|x86.Build.0 = Debug|Any CPU
		{D88BFF04-E5F7-4273-813B-12E199E676DD}.Release|Any CPU.ActiveCfg = Release|Any CPU
		{D88BFF04-E5F7-4273-813B-12E199E676DD}.Release|Any CPU.Build.0 = Release|Any CPU
		{D88BFF04-E5F7-4273-813B-12E199E676DD}.Release|x64.ActiveCfg = Release|Any CPU
		{D88BFF04-E5F7-4273-813B-12E199E676DD}.Release|x64.Build.0 = Release|Any CPU
		{D88BFF04-E5F7-4273-813B-12E199E676DD}.Release|x86.ActiveCfg = Release|Any CPU
		{D88BFF04-E5F7-4273-813B-12E199E676DD}.Release|x86.Build.0 = Release|Any CPU
	EndGlobalSection
	GlobalSection(NestedProjects) = preSolution
		{D88BFF04-E5F7-4273-813B-12E199E676DD} = {9A34FE9E-DBDA-4251-94C4-4BCB3E594C0C}
	EndGlobalSection
EndGlobal
